// !$*UTF8*$!
{
	archiveVersion = 1;
	classes = {
	};
	objectVersion = 46;
	objects = {

/* Begin PBXBuildFile section */
		0A298E9B156F52C600F0D267 /* ImageIO.framework in Frameworks */ = {isa = PBXBuildFile; fileRef = 0A298E9A156F52C600F0D267 /* ImageIO.framework */; };
		263115D51568D84C00CB70DE /* UIKit.framework in Frameworks */ = {isa = PBXBuildFile; fileRef = 263115D41568D84C00CB70DE /* UIKit.framework */; };
		263115D71568D84C00CB70DE /* Foundation.framework in Frameworks */ = {isa = PBXBuildFile; fileRef = 263115D61568D84C00CB70DE /* Foundation.framework */; };
		263115D91568D84C00CB70DE /* CoreGraphics.framework in Frameworks */ = {isa = PBXBuildFile; fileRef = 263115D81568D84C00CB70DE /* CoreGraphics.framework */; };
		263115DF1568D84C00CB70DE /* InfoPlist.strings in Resources */ = {isa = PBXBuildFile; fileRef = 263115DD1568D84C00CB70DE /* InfoPlist.strings */; };
		263115E11568D84C00CB70DE /* main.m in Sources */ = {isa = PBXBuildFile; fileRef = 263115E01568D84C00CB70DE /* main.m */; };
		263115E51568D84C00CB70DE /* AppDelegate.m in Sources */ = {isa = PBXBuildFile; fileRef = 263115E41568D84C00CB70DE /* AppDelegate.m */; };
		263115F21568D8C600CB70DE /* AssetsLibrary.framework in Frameworks */ = {isa = PBXBuildFile; fileRef = 263115F11568D8C600CB70DE /* AssetsLibrary.framework */; };
		26559F30156E764E00B451A9 /* QuartzCore.framework in Frameworks */ = {isa = PBXBuildFile; fileRef = 26559F2F156E764E00B451A9 /* QuartzCore.framework */; };
		A2F5A0371574DC2B0071D9E3 /* DTTestGridViewCell.m in Sources */ = {isa = PBXBuildFile; fileRef = A2F5A02C1574DC2B0071D9E3 /* DTTestGridViewCell.m */; };
		A2F5A0381574DC2B0071D9E3 /* DTTestGridViewController.m in Sources */ = {isa = PBXBuildFile; fileRef = A2F5A02E1574DC2B0071D9E3 /* DTTestGridViewController.m */; };
		A2F5A0391574DC2B0071D9E3 /* GridViewController.m in Sources */ = {isa = PBXBuildFile; fileRef = A2F5A0301574DC2B0071D9E3 /* GridViewController.m */; };
		A2F5A03A1574DC2B0071D9E3 /* ImageGridViewCell.m in Sources */ = {isa = PBXBuildFile; fileRef = A2F5A0321574DC2B0071D9E3 /* ImageGridViewCell.m */; };
		A2F5A03B1574DC2B0071D9E3 /* RootTabBarController.m in Sources */ = {isa = PBXBuildFile; fileRef = A2F5A0341574DC2B0071D9E3 /* RootTabBarController.m */; };
		A2F5A03C1574DC2B0071D9E3 /* StoryViewController.m in Sources */ = {isa = PBXBuildFile; fileRef = A2F5A0361574DC2B0071D9E3 /* StoryViewController.m */; };
		A2F5A03F1574DC6B0071D9E3 /* ImagePropertiesLib.m in Sources */ = {isa = PBXBuildFile; fileRef = A2F5A03E1574DC6B0071D9E3 /* ImagePropertiesLib.m */; };
		A2F5A0571574DC790071D9E3 /* AQGridView.m in Sources */ = {isa = PBXBuildFile; fileRef = A2F5A0411574DC790071D9E3 /* AQGridView.m */; };
		A2F5A0581574DC790071D9E3 /* AQGridViewAnimatorItem.m in Sources */ = {isa = PBXBuildFile; fileRef = A2F5A0451574DC790071D9E3 /* AQGridViewAnimatorItem.m */; };
		A2F5A0591574DC790071D9E3 /* AQGridViewCell.m in Sources */ = {isa = PBXBuildFile; fileRef = A2F5A0471574DC790071D9E3 /* AQGridViewCell.m */; };
		A2F5A05A1574DC790071D9E3 /* AQGridViewController.m in Sources */ = {isa = PBXBuildFile; fileRef = A2F5A04A1574DC790071D9E3 /* AQGridViewController.m */; };
		A2F5A05B1574DC790071D9E3 /* AQGridViewData.m in Sources */ = {isa = PBXBuildFile; fileRef = A2F5A04C1574DC790071D9E3 /* AQGridViewData.m */; };
		A2F5A05C1574DC790071D9E3 /* AQGridViewUpdateInfo.m in Sources */ = {isa = PBXBuildFile; fileRef = A2F5A04E1574DC790071D9E3 /* AQGridViewUpdateInfo.m */; };
		A2F5A05D1574DC790071D9E3 /* AQGridViewUpdateItem.m in Sources */ = {isa = PBXBuildFile; fileRef = A2F5A0501574DC790071D9E3 /* AQGridViewUpdateItem.m */; };
		A2F5A05E1574DC790071D9E3 /* NSIndexSet+AQIndexesOutsideSet.m in Sources */ = {isa = PBXBuildFile; fileRef = A2F5A0521574DC790071D9E3 /* NSIndexSet+AQIndexesOutsideSet.m */; };
		A2F5A05F1574DC790071D9E3 /* NSIndexSet+AQIsSetContiguous.m in Sources */ = {isa = PBXBuildFile; fileRef = A2F5A0541574DC790071D9E3 /* NSIndexSet+AQIsSetContiguous.m */; };
		A2F5A0601574DC790071D9E3 /* UIColor+AQGridView.m in Sources */ = {isa = PBXBuildFile; fileRef = A2F5A0561574DC790071D9E3 /* UIColor+AQGridView.m */; };
		A2F5A0681574DC850071D9E3 /* DTGridView.m in Sources */ = {isa = PBXBuildFile; fileRef = A2F5A0621574DC850071D9E3 /* DTGridView.m */; };
		A2F5A0691574DC850071D9E3 /* DTGridViewCell.m in Sources */ = {isa = PBXBuildFile; fileRef = A2F5A0641574DC850071D9E3 /* DTGridViewCell.m */; };
		A2F5A06A1574DC850071D9E3 /* DTGridViewController.m in Sources */ = {isa = PBXBuildFile; fileRef = A2F5A0671574DC850071D9E3 /* DTGridViewController.m */; };
		A2F5A0711574DC9D0071D9E3 /* DTLabelsSnapGridViewCell.m in Sources */ = {isa = PBXBuildFile; fileRef = A2F5A06C1574DC9D0071D9E3 /* DTLabelsSnapGridViewCell.m */; };
		A2F5A0721574DC9D0071D9E3 /* DTSnapGridView.m in Sources */ = {isa = PBXBuildFile; fileRef = A2F5A06E1574DC9D0071D9E3 /* DTSnapGridView.m */; };
		A2F5A0731574DC9D0071D9E3 /* DTSnapGridViewCell.m in Sources */ = {isa = PBXBuildFile; fileRef = A2F5A0701574DC9D0071D9E3 /* DTSnapGridViewCell.m */; };
		A2F5A0761574DCAB0071D9E3 /* DTInfiniteGridView.m in Sources */ = {isa = PBXBuildFile; fileRef = A2F5A0751574DCAB0071D9E3 /* DTInfiniteGridView.m */; };
/* End PBXBuildFile section */

/* Begin PBXFileReference section */
		0A298E9A156F52C600F0D267 /* ImageIO.framework */ = {isa = PBXFileReference; lastKnownFileType = wrapper.framework; name = ImageIO.framework; path = System/Library/Frameworks/ImageIO.framework; sourceTree = SDKROOT; };
		263115D01568D84C00CB70DE /* clover.app */ = {isa = PBXFileReference; explicitFileType = wrapper.application; includeInIndex = 0; path = clover.app; sourceTree = BUILT_PRODUCTS_DIR; };
		263115D41568D84C00CB70DE /* UIKit.framework */ = {isa = PBXFileReference; lastKnownFileType = wrapper.framework; name = UIKit.framework; path = System/Library/Frameworks/UIKit.framework; sourceTree = SDKROOT; };
		263115D61568D84C00CB70DE /* Foundation.framework */ = {isa = PBXFileReference; lastKnownFileType = wrapper.framework; name = Foundation.framework; path = System/Library/Frameworks/Foundation.framework; sourceTree = SDKROOT; };
		263115D81568D84C00CB70DE /* CoreGraphics.framework */ = {isa = PBXFileReference; lastKnownFileType = wrapper.framework; name = CoreGraphics.framework; path = System/Library/Frameworks/CoreGraphics.framework; sourceTree = SDKROOT; };
		263115DC1568D84C00CB70DE /* clover-Info.plist */ = {isa = PBXFileReference; lastKnownFileType = text.plist.xml; path = "clover-Info.plist"; sourceTree = "<group>"; };
		263115DE1568D84C00CB70DE /* en */ = {isa = PBXFileReference; lastKnownFileType = text.plist.strings; name = en; path = en.lproj/InfoPlist.strings; sourceTree = "<group>"; };
		263115E01568D84C00CB70DE /* main.m */ = {isa = PBXFileReference; lastKnownFileType = sourcecode.c.objc; path = main.m; sourceTree = "<group>"; };
		263115E21568D84C00CB70DE /* clover-Prefix.pch */ = {isa = PBXFileReference; lastKnownFileType = sourcecode.c.h; path = "clover-Prefix.pch"; sourceTree = "<group>"; };
		263115E31568D84C00CB70DE /* AppDelegate.h */ = {isa = PBXFileReference; lastKnownFileType = sourcecode.c.h; path = AppDelegate.h; sourceTree = "<group>"; };
		263115E41568D84C00CB70DE /* AppDelegate.m */ = {isa = PBXFileReference; lastKnownFileType = sourcecode.c.objc; path = AppDelegate.m; sourceTree = "<group>"; };
		263115F11568D8C600CB70DE /* AssetsLibrary.framework */ = {isa = PBXFileReference; lastKnownFileType = wrapper.framework; name = AssetsLibrary.framework; path = System/Library/Frameworks/AssetsLibrary.framework; sourceTree = SDKROOT; };
		26559F2F156E764E00B451A9 /* QuartzCore.framework */ = {isa = PBXFileReference; lastKnownFileType = wrapper.framework; name = QuartzCore.framework; path = System/Library/Frameworks/QuartzCore.framework; sourceTree = SDKROOT; };
		A2F5A02B1574DC2B0071D9E3 /* DTTestGridViewCell.h */ = {isa = PBXFileReference; fileEncoding = 4; lastKnownFileType = sourcecode.c.h; name = DTTestGridViewCell.h; path = classes/ui/DTTestGridViewCell.h; sourceTree = "<group>"; };
		A2F5A02C1574DC2B0071D9E3 /* DTTestGridViewCell.m */ = {isa = PBXFileReference; fileEncoding = 4; lastKnownFileType = sourcecode.c.objc; name = DTTestGridViewCell.m; path = classes/ui/DTTestGridViewCell.m; sourceTree = "<group>"; };
		A2F5A02D1574DC2B0071D9E3 /* DTTestGridViewController.h */ = {isa = PBXFileReference; fileEncoding = 4; lastKnownFileType = sourcecode.c.h; name = DTTestGridViewController.h; path = classes/ui/DTTestGridViewController.h; sourceTree = "<group>"; };
		A2F5A02E1574DC2B0071D9E3 /* DTTestGridViewController.m */ = {isa = PBXFileReference; fileEncoding = 4; lastKnownFileType = sourcecode.c.objc; name = DTTestGridViewController.m; path = classes/ui/DTTestGridViewController.m; sourceTree = "<group>"; };
		A2F5A02F1574DC2B0071D9E3 /* GridViewController.h */ = {isa = PBXFileReference; fileEncoding = 4; lastKnownFileType = sourcecode.c.h; name = GridViewController.h; path = classes/ui/GridViewController.h; sourceTree = "<group>"; };
		A2F5A0301574DC2B0071D9E3 /* GridViewController.m */ = {isa = PBXFileReference; fileEncoding = 4; lastKnownFileType = sourcecode.c.objc; name = GridViewController.m; path = classes/ui/GridViewController.m; sourceTree = "<group>"; };
		A2F5A0311574DC2B0071D9E3 /* ImageGridViewCell.h */ = {isa = PBXFileReference; fileEncoding = 4; lastKnownFileType = sourcecode.c.h; name = ImageGridViewCell.h; path = classes/ui/ImageGridViewCell.h; sourceTree = "<group>"; };
		A2F5A0321574DC2B0071D9E3 /* ImageGridViewCell.m */ = {isa = PBXFileReference; fileEncoding = 4; lastKnownFileType = sourcecode.c.objc; name = ImageGridViewCell.m; path = classes/ui/ImageGridViewCell.m; sourceTree = "<group>"; };
		A2F5A0331574DC2B0071D9E3 /* RootTabBarController.h */ = {isa = PBXFileReference; fileEncoding = 4; lastKnownFileType = sourcecode.c.h; name = RootTabBarController.h; path = classes/ui/RootTabBarController.h; sourceTree = "<group>"; };
		A2F5A0341574DC2B0071D9E3 /* RootTabBarController.m */ = {isa = PBXFileReference; fileEncoding = 4; lastKnownFileType = sourcecode.c.objc; name = RootTabBarController.m; path = classes/ui/RootTabBarController.m; sourceTree = "<group>"; };
		A2F5A0351574DC2B0071D9E3 /* StoryViewController.h */ = {isa = PBXFileReference; fileEncoding = 4; lastKnownFileType = sourcecode.c.h; name = StoryViewController.h; path = classes/ui/StoryViewController.h; sourceTree = "<group>"; };
		A2F5A0361574DC2B0071D9E3 /* StoryViewController.m */ = {isa = PBXFileReference; fileEncoding = 4; lastKnownFileType = sourcecode.c.objc; name = StoryViewController.m; path = classes/ui/StoryViewController.m; sourceTree = "<group>"; };
		A2F5A03D1574DC6B0071D9E3 /* ImagePropertiesLib.h */ = {isa = PBXFileReference; fileEncoding = 4; lastKnownFileType = sourcecode.c.h; name = ImagePropertiesLib.h; path = clover/lib/ImageLib/ImagePropertiesLib.h; sourceTree = "<group>"; };
		A2F5A03E1574DC6B0071D9E3 /* ImagePropertiesLib.m */ = {isa = PBXFileReference; fileEncoding = 4; lastKnownFileType = sourcecode.c.objc; name = ImagePropertiesLib.m; path = clover/lib/ImageLib/ImagePropertiesLib.m; sourceTree = "<group>"; };
		A2F5A0401574DC790071D9E3 /* AQGridView.h */ = {isa = PBXFileReference; fileEncoding = 4; lastKnownFileType = sourcecode.c.h; name = AQGridView.h; path = clover/lib/AQGridView/AQGridView.h; sourceTree = "<group>"; };
		A2F5A0411574DC790071D9E3 /* AQGridView.m */ = {isa = PBXFileReference; fileEncoding = 4; lastKnownFileType = sourcecode.c.objc; name = AQGridView.m; path = clover/lib/AQGridView/AQGridView.m; sourceTree = "<group>"; };
		A2F5A0421574DC790071D9E3 /* AQGridView+CellLayout.h */ = {isa = PBXFileReference; fileEncoding = 4; lastKnownFileType = sourcecode.c.h; name = "AQGridView+CellLayout.h"; path = "clover/lib/AQGridView/AQGridView+CellLayout.h"; sourceTree = "<group>"; };
		A2F5A0431574DC790071D9E3 /* AQGridView+CellLocationDelegation.h */ = {isa = PBXFileReference; fileEncoding = 4; lastKnownFileType = sourcecode.c.h; name = "AQGridView+CellLocationDelegation.h"; path = "clover/lib/AQGridView/AQGridView+CellLocationDelegation.h"; sourceTree = "<group>"; };
		A2F5A0441574DC790071D9E3 /* AQGridViewAnimatorItem.h */ = {isa = PBXFileReference; fileEncoding = 4; lastKnownFileType = sourcecode.c.h; name = AQGridViewAnimatorItem.h; path = clover/lib/AQGridView/AQGridViewAnimatorItem.h; sourceTree = "<group>"; };
		A2F5A0451574DC790071D9E3 /* AQGridViewAnimatorItem.m */ = {isa = PBXFileReference; fileEncoding = 4; lastKnownFileType = sourcecode.c.objc; name = AQGridViewAnimatorItem.m; path = clover/lib/AQGridView/AQGridViewAnimatorItem.m; sourceTree = "<group>"; };
		A2F5A0461574DC790071D9E3 /* AQGridViewCell.h */ = {isa = PBXFileReference; fileEncoding = 4; lastKnownFileType = sourcecode.c.h; name = AQGridViewCell.h; path = clover/lib/AQGridView/AQGridViewCell.h; sourceTree = "<group>"; };
		A2F5A0471574DC790071D9E3 /* AQGridViewCell.m */ = {isa = PBXFileReference; fileEncoding = 4; lastKnownFileType = sourcecode.c.objc; name = AQGridViewCell.m; path = clover/lib/AQGridView/AQGridViewCell.m; sourceTree = "<group>"; };
		A2F5A0481574DC790071D9E3 /* AQGridViewCell+AQGridViewCellPrivate.h */ = {isa = PBXFileReference; fileEncoding = 4; lastKnownFileType = sourcecode.c.h; name = "AQGridViewCell+AQGridViewCellPrivate.h"; path = "clover/lib/AQGridView/AQGridViewCell+AQGridViewCellPrivate.h"; sourceTree = "<group>"; };
		A2F5A0491574DC790071D9E3 /* AQGridViewController.h */ = {isa = PBXFileReference; fileEncoding = 4; lastKnownFileType = sourcecode.c.h; name = AQGridViewController.h; path = clover/lib/AQGridView/AQGridViewController.h; sourceTree = "<group>"; };
		A2F5A04A1574DC790071D9E3 /* AQGridViewController.m */ = {isa = PBXFileReference; fileEncoding = 4; lastKnownFileType = sourcecode.c.objc; name = AQGridViewController.m; path = clover/lib/AQGridView/AQGridViewController.m; sourceTree = "<group>"; };
		A2F5A04B1574DC790071D9E3 /* AQGridViewData.h */ = {isa = PBXFileReference; fileEncoding = 4; lastKnownFileType = sourcecode.c.h; name = AQGridViewData.h; path = clover/lib/AQGridView/AQGridViewData.h; sourceTree = "<group>"; };
		A2F5A04C1574DC790071D9E3 /* AQGridViewData.m */ = {isa = PBXFileReference; fileEncoding = 4; lastKnownFileType = sourcecode.c.objc; name = AQGridViewData.m; path = clover/lib/AQGridView/AQGridViewData.m; sourceTree = "<group>"; };
		A2F5A04D1574DC790071D9E3 /* AQGridViewUpdateInfo.h */ = {isa = PBXFileReference; fileEncoding = 4; lastKnownFileType = sourcecode.c.h; name = AQGridViewUpdateInfo.h; path = clover/lib/AQGridView/AQGridViewUpdateInfo.h; sourceTree = "<group>"; };
		A2F5A04E1574DC790071D9E3 /* AQGridViewUpdateInfo.m */ = {isa = PBXFileReference; fileEncoding = 4; lastKnownFileType = sourcecode.c.objc; name = AQGridViewUpdateInfo.m; path = clover/lib/AQGridView/AQGridViewUpdateInfo.m; sourceTree = "<group>"; };
		A2F5A04F1574DC790071D9E3 /* AQGridViewUpdateItem.h */ = {isa = PBXFileReference; fileEncoding = 4; lastKnownFileType = sourcecode.c.h; name = AQGridViewUpdateItem.h; path = clover/lib/AQGridView/AQGridViewUpdateItem.h; sourceTree = "<group>"; };
		A2F5A0501574DC790071D9E3 /* AQGridViewUpdateItem.m */ = {isa = PBXFileReference; fileEncoding = 4; lastKnownFileType = sourcecode.c.objc; name = AQGridViewUpdateItem.m; path = clover/lib/AQGridView/AQGridViewUpdateItem.m; sourceTree = "<group>"; };
		A2F5A0511574DC790071D9E3 /* NSIndexSet+AQIndexesOutsideSet.h */ = {isa = PBXFileReference; fileEncoding = 4; lastKnownFileType = sourcecode.c.h; name = "NSIndexSet+AQIndexesOutsideSet.h"; path = "clover/lib/AQGridView/NSIndexSet+AQIndexesOutsideSet.h"; sourceTree = "<group>"; };
		A2F5A0521574DC790071D9E3 /* NSIndexSet+AQIndexesOutsideSet.m */ = {isa = PBXFileReference; fileEncoding = 4; lastKnownFileType = sourcecode.c.objc; name = "NSIndexSet+AQIndexesOutsideSet.m"; path = "clover/lib/AQGridView/NSIndexSet+AQIndexesOutsideSet.m"; sourceTree = "<group>"; };
		A2F5A0531574DC790071D9E3 /* NSIndexSet+AQIsSetContiguous.h */ = {isa = PBXFileReference; fileEncoding = 4; lastKnownFileType = sourcecode.c.h; name = "NSIndexSet+AQIsSetContiguous.h"; path = "clover/lib/AQGridView/NSIndexSet+AQIsSetContiguous.h"; sourceTree = "<group>"; };
		A2F5A0541574DC790071D9E3 /* NSIndexSet+AQIsSetContiguous.m */ = {isa = PBXFileReference; fileEncoding = 4; lastKnownFileType = sourcecode.c.objc; name = "NSIndexSet+AQIsSetContiguous.m"; path = "clover/lib/AQGridView/NSIndexSet+AQIsSetContiguous.m"; sourceTree = "<group>"; };
		A2F5A0551574DC790071D9E3 /* UIColor+AQGridView.h */ = {isa = PBXFileReference; fileEncoding = 4; lastKnownFileType = sourcecode.c.h; name = "UIColor+AQGridView.h"; path = "clover/lib/AQGridView/UIColor+AQGridView.h"; sourceTree = "<group>"; };
		A2F5A0561574DC790071D9E3 /* UIColor+AQGridView.m */ = {isa = PBXFileReference; fileEncoding = 4; lastKnownFileType = sourcecode.c.objc; name = "UIColor+AQGridView.m"; path = "clover/lib/AQGridView/UIColor+AQGridView.m"; sourceTree = "<group>"; };
		A2F5A0611574DC850071D9E3 /* DTGridView.h */ = {isa = PBXFileReference; fileEncoding = 4; lastKnownFileType = sourcecode.c.h; name = DTGridView.h; path = clover/lib/DTGridView/DTGridView.h; sourceTree = "<group>"; };
		A2F5A0621574DC850071D9E3 /* DTGridView.m */ = {isa = PBXFileReference; fileEncoding = 4; lastKnownFileType = sourcecode.c.objc; name = DTGridView.m; path = clover/lib/DTGridView/DTGridView.m; sourceTree = "<group>"; };
		A2F5A0631574DC850071D9E3 /* DTGridViewCell.h */ = {isa = PBXFileReference; fileEncoding = 4; lastKnownFileType = sourcecode.c.h; name = DTGridViewCell.h; path = clover/lib/DTGridView/DTGridViewCell.h; sourceTree = "<group>"; };
		A2F5A0641574DC850071D9E3 /* DTGridViewCell.m */ = {isa = PBXFileReference; fileEncoding = 4; lastKnownFileType = sourcecode.c.objc; name = DTGridViewCell.m; path = clover/lib/DTGridView/DTGridViewCell.m; sourceTree = "<group>"; };
		A2F5A0651574DC850071D9E3 /* DTGridViewCellInfoProtocol.h */ = {isa = PBXFileReference; fileEncoding = 4; lastKnownFileType = sourcecode.c.h; name = DTGridViewCellInfoProtocol.h; path = clover/lib/DTGridView/DTGridViewCellInfoProtocol.h; sourceTree = "<group>"; };
		A2F5A0661574DC850071D9E3 /* DTGridViewController.h */ = {isa = PBXFileReference; fileEncoding = 4; lastKnownFileType = sourcecode.c.h; name = DTGridViewController.h; path = clover/lib/DTGridView/DTGridViewController.h; sourceTree = "<group>"; };
		A2F5A0671574DC850071D9E3 /* DTGridViewController.m */ = {isa = PBXFileReference; fileEncoding = 4; lastKnownFileType = sourcecode.c.objc; name = DTGridViewController.m; path = clover/lib/DTGridView/DTGridViewController.m; sourceTree = "<group>"; };
		A2F5A06B1574DC9D0071D9E3 /* DTLabelsSnapGridViewCell.h */ = {isa = PBXFileReference; fileEncoding = 4; lastKnownFileType = sourcecode.c.h; name = DTLabelsSnapGridViewCell.h; path = clover/lib/DTGridView/DTSnapGridView/DTLabelsSnapGridViewCell.h; sourceTree = "<group>"; };
		A2F5A06C1574DC9D0071D9E3 /* DTLabelsSnapGridViewCell.m */ = {isa = PBXFileReference; fileEncoding = 4; lastKnownFileType = sourcecode.c.objc; name = DTLabelsSnapGridViewCell.m; path = clover/lib/DTGridView/DTSnapGridView/DTLabelsSnapGridViewCell.m; sourceTree = "<group>"; };
		A2F5A06D1574DC9D0071D9E3 /* DTSnapGridView.h */ = {isa = PBXFileReference; fileEncoding = 4; lastKnownFileType = sourcecode.c.h; name = DTSnapGridView.h; path = clover/lib/DTGridView/DTSnapGridView/DTSnapGridView.h; sourceTree = "<group>"; };
		A2F5A06E1574DC9D0071D9E3 /* DTSnapGridView.m */ = {isa = PBXFileReference; fileEncoding = 4; lastKnownFileType = sourcecode.c.objc; name = DTSnapGridView.m; path = clover/lib/DTGridView/DTSnapGridView/DTSnapGridView.m; sourceTree = "<group>"; };
		A2F5A06F1574DC9D0071D9E3 /* DTSnapGridViewCell.h */ = {isa = PBXFileReference; fileEncoding = 4; lastKnownFileType = sourcecode.c.h; name = DTSnapGridViewCell.h; path = clover/lib/DTGridView/DTSnapGridView/DTSnapGridViewCell.h; sourceTree = "<group>"; };
		A2F5A0701574DC9D0071D9E3 /* DTSnapGridViewCell.m */ = {isa = PBXFileReference; fileEncoding = 4; lastKnownFileType = sourcecode.c.objc; name = DTSnapGridViewCell.m; path = clover/lib/DTGridView/DTSnapGridView/DTSnapGridViewCell.m; sourceTree = "<group>"; };
		A2F5A0741574DCAB0071D9E3 /* DTInfiniteGridView.h */ = {isa = PBXFileReference; fileEncoding = 4; lastKnownFileType = sourcecode.c.h; name = DTInfiniteGridView.h; path = clover/lib/DTGridView/DTInfiniteGridView/DTInfiniteGridView.h; sourceTree = "<group>"; };
		A2F5A0751574DCAB0071D9E3 /* DTInfiniteGridView.m */ = {isa = PBXFileReference; fileEncoding = 4; lastKnownFileType = sourcecode.c.objc; name = DTInfiniteGridView.m; path = clover/lib/DTGridView/DTInfiniteGridView/DTInfiniteGridView.m; sourceTree = "<group>"; };
/* End PBXFileReference section */

/* Begin PBXFrameworksBuildPhase section */
		263115CD1568D84C00CB70DE /* Frameworks */ = {
			isa = PBXFrameworksBuildPhase;
			buildActionMask = 2147483647;
			files = (
				0A298E9B156F52C600F0D267 /* ImageIO.framework in Frameworks */,
				26559F30156E764E00B451A9 /* QuartzCore.framework in Frameworks */,
				263115F21568D8C600CB70DE /* AssetsLibrary.framework in Frameworks */,
				263115D51568D84C00CB70DE /* UIKit.framework in Frameworks */,
				263115D71568D84C00CB70DE /* Foundation.framework in Frameworks */,
				263115D91568D84C00CB70DE /* CoreGraphics.framework in Frameworks */,
			);
			runOnlyForDeploymentPostprocessing = 0;
		};
/* End PBXFrameworksBuildPhase section */

/* Begin PBXGroup section */
		0A5FE4E1156E424D003AE26A /* ui */ = {
			isa = PBXGroup;
			children = (
				A2F5A02B1574DC2B0071D9E3 /* DTTestGridViewCell.h */,
				A2F5A02C1574DC2B0071D9E3 /* DTTestGridViewCell.m */,
				A2F5A02D1574DC2B0071D9E3 /* DTTestGridViewController.h */,
				A2F5A02E1574DC2B0071D9E3 /* DTTestGridViewController.m */,
				A2F5A02F1574DC2B0071D9E3 /* GridViewController.h */,
				A2F5A0301574DC2B0071D9E3 /* GridViewController.m */,
				A2F5A0311574DC2B0071D9E3 /* ImageGridViewCell.h */,
				A2F5A0321574DC2B0071D9E3 /* ImageGridViewCell.m */,
				A2F5A0331574DC2B0071D9E3 /* RootTabBarController.h */,
				A2F5A0341574DC2B0071D9E3 /* RootTabBarController.m */,
				A2F5A0351574DC2B0071D9E3 /* StoryViewController.h */,
				A2F5A0361574DC2B0071D9E3 /* StoryViewController.m */,
			);
			name = ui;
			sourceTree = "<group>";
		};
		263115C51568D84C00CB70DE = {
			isa = PBXGroup;
			children = (
				A2F5A0271574DB6B0071D9E3 /* ImageLib */,
				A2F5A00E1574DA860071D9E3 /* DTGridView */,
				A2F59FEC1574DA610071D9E3 /* AQGridView */,
				263115DA1568D84C00CB70DE /* Classes */,
				263115D31568D84C00CB70DE /* Frameworks */,
				263115D11568D84C00CB70DE /* Products */,
			);
			sourceTree = "<group>";
		};
		263115D11568D84C00CB70DE /* Products */ = {
			isa = PBXGroup;
			children = (
				263115D01568D84C00CB70DE /* clover.app */,
			);
			name = Products;
			sourceTree = "<group>";
		};
		263115D31568D84C00CB70DE /* Frameworks */ = {
			isa = PBXGroup;
			children = (
				0A298E9A156F52C600F0D267 /* ImageIO.framework */,
				26559F2F156E764E00B451A9 /* QuartzCore.framework */,
				263115F11568D8C600CB70DE /* AssetsLibrary.framework */,
				263115D41568D84C00CB70DE /* UIKit.framework */,
				263115D61568D84C00CB70DE /* Foundation.framework */,
				263115D81568D84C00CB70DE /* CoreGraphics.framework */,
			);
			name = Frameworks;
			sourceTree = "<group>";
		};
		263115DA1568D84C00CB70DE /* Classes */ = {
			isa = PBXGroup;
			children = (
				0A5FE4E1156E424D003AE26A /* ui */,
				263115E31568D84C00CB70DE /* AppDelegate.h */,
				263115E41568D84C00CB70DE /* AppDelegate.m */,
				263115DB1568D84C00CB70DE /* Supporting Files */,
			);
			name = Classes;
			path = clover;
			sourceTree = "<group>";
		};
		263115DB1568D84C00CB70DE /* Supporting Files */ = {
			isa = PBXGroup;
			children = (
				263115DC1568D84C00CB70DE /* clover-Info.plist */,
				263115DD1568D84C00CB70DE /* InfoPlist.strings */,
				263115E01568D84C00CB70DE /* main.m */,
				263115E21568D84C00CB70DE /* clover-Prefix.pch */,
			);
			name = "Supporting Files";
			sourceTree = "<group>";
		};
		A2F59FEC1574DA610071D9E3 /* AQGridView */ = {
			isa = PBXGroup;
			children = (
				A2F5A0401574DC790071D9E3 /* AQGridView.h */,
				A2F5A0411574DC790071D9E3 /* AQGridView.m */,
				A2F5A0421574DC790071D9E3 /* AQGridView+CellLayout.h */,
				A2F5A0431574DC790071D9E3 /* AQGridView+CellLocationDelegation.h */,
				A2F5A0441574DC790071D9E3 /* AQGridViewAnimatorItem.h */,
				A2F5A0451574DC790071D9E3 /* AQGridViewAnimatorItem.m */,
				A2F5A0461574DC790071D9E3 /* AQGridViewCell.h */,
				A2F5A0471574DC790071D9E3 /* AQGridViewCell.m */,
				A2F5A0481574DC790071D9E3 /* AQGridViewCell+AQGridViewCellPrivate.h */,
				A2F5A0491574DC790071D9E3 /* AQGridViewController.h */,
				A2F5A04A1574DC790071D9E3 /* AQGridViewController.m */,
				A2F5A04B1574DC790071D9E3 /* AQGridViewData.h */,
				A2F5A04C1574DC790071D9E3 /* AQGridViewData.m */,
				A2F5A04D1574DC790071D9E3 /* AQGridViewUpdateInfo.h */,
				A2F5A04E1574DC790071D9E3 /* AQGridViewUpdateInfo.m */,
				A2F5A04F1574DC790071D9E3 /* AQGridViewUpdateItem.h */,
				A2F5A0501574DC790071D9E3 /* AQGridViewUpdateItem.m */,
				A2F5A0511574DC790071D9E3 /* NSIndexSet+AQIndexesOutsideSet.h */,
				A2F5A0521574DC790071D9E3 /* NSIndexSet+AQIndexesOutsideSet.m */,
				A2F5A0531574DC790071D9E3 /* NSIndexSet+AQIsSetContiguous.h */,
				A2F5A0541574DC790071D9E3 /* NSIndexSet+AQIsSetContiguous.m */,
				A2F5A0551574DC790071D9E3 /* UIColor+AQGridView.h */,
				A2F5A0561574DC790071D9E3 /* UIColor+AQGridView.m */,
			);
			name = AQGridView;
			sourceTree = "<group>";
		};
		A2F5A00E1574DA860071D9E3 /* DTGridView */ = {
			isa = PBXGroup;
			children = (
				A2F5A0611574DC850071D9E3 /* DTGridView.h */,
				A2F5A0621574DC850071D9E3 /* DTGridView.m */,
				A2F5A0631574DC850071D9E3 /* DTGridViewCell.h */,
				A2F5A0641574DC850071D9E3 /* DTGridViewCell.m */,
				A2F5A0651574DC850071D9E3 /* DTGridViewCellInfoProtocol.h */,
				A2F5A0661574DC850071D9E3 /* DTGridViewController.h */,
				A2F5A0671574DC850071D9E3 /* DTGridViewController.m */,
				A2F5A01D1574DAC30071D9E3 /* DTSnapGridView */,
				A2F5A0191574DAA50071D9E3 /* DTInfiniteGridView */,
			);
			name = DTGridView;
			sourceTree = "<group>";
		};
		A2F5A0191574DAA50071D9E3 /* DTInfiniteGridView */ = {
			isa = PBXGroup;
			children = (
				A2F5A0741574DCAB0071D9E3 /* DTInfiniteGridView.h */,
				A2F5A0751574DCAB0071D9E3 /* DTInfiniteGridView.m */,
			);
			name = DTInfiniteGridView;
			sourceTree = "<group>";
		};
		A2F5A01D1574DAC30071D9E3 /* DTSnapGridView */ = {
			isa = PBXGroup;
			children = (
				A2F5A06B1574DC9D0071D9E3 /* DTLabelsSnapGridViewCell.h */,
				A2F5A06C1574DC9D0071D9E3 /* DTLabelsSnapGridViewCell.m */,
				A2F5A06D1574DC9D0071D9E3 /* DTSnapGridView.h */,
				A2F5A06E1574DC9D0071D9E3 /* DTSnapGridView.m */,
				A2F5A06F1574DC9D0071D9E3 /* DTSnapGridViewCell.h */,
				A2F5A0701574DC9D0071D9E3 /* DTSnapGridViewCell.m */,
			);
			name = DTSnapGridView;
			sourceTree = "<group>";
		};
		A2F5A0271574DB6B0071D9E3 /* ImageLib */ = {
			isa = PBXGroup;
			children = (
				A2F5A03D1574DC6B0071D9E3 /* ImagePropertiesLib.h */,
				A2F5A03E1574DC6B0071D9E3 /* ImagePropertiesLib.m */,
			);
			name = ImageLib;
			sourceTree = "<group>";
		};
/* End PBXGroup section */

/* Begin PBXNativeTarget section */
		263115CF1568D84C00CB70DE /* clover */ = {
			isa = PBXNativeTarget;
			buildConfigurationList = 263115EE1568D84C00CB70DE /* Build configuration list for PBXNativeTarget "clover" */;
			buildPhases = (
				263115CC1568D84C00CB70DE /* Sources */,
				263115CD1568D84C00CB70DE /* Frameworks */,
				263115CE1568D84C00CB70DE /* Resources */,
			);
			buildRules = (
			);
			dependencies = (
			);
			name = clover;
			productName = clover;
			productReference = 263115D01568D84C00CB70DE /* clover.app */;
			productType = "com.apple.product-type.application";
		};
/* End PBXNativeTarget section */

/* Begin PBXProject section */
		263115C71568D84C00CB70DE /* Project object */ = {
			isa = PBXProject;
			attributes = {
				LastUpgradeCheck = 0430;
			};
			buildConfigurationList = 263115CA1568D84C00CB70DE /* Build configuration list for PBXProject "clover" */;
			compatibilityVersion = "Xcode 3.2";
			developmentRegion = English;
			hasScannedForEncodings = 0;
			knownRegions = (
				en,
			);
			mainGroup = 263115C51568D84C00CB70DE;
			productRefGroup = 263115D11568D84C00CB70DE /* Products */;
			projectDirPath = "";
			projectRoot = "";
			targets = (
				263115CF1568D84C00CB70DE /* clover */,
			);
		};
/* End PBXProject section */

/* Begin PBXResourcesBuildPhase section */
		263115CE1568D84C00CB70DE /* Resources */ = {
			isa = PBXResourcesBuildPhase;
			buildActionMask = 2147483647;
			files = (
				263115DF1568D84C00CB70DE /* InfoPlist.strings in Resources */,
			);
			runOnlyForDeploymentPostprocessing = 0;
		};
/* End PBXResourcesBuildPhase section */

/* Begin PBXSourcesBuildPhase section */
		263115CC1568D84C00CB70DE /* Sources */ = {
			isa = PBXSourcesBuildPhase;
			buildActionMask = 2147483647;
			files = (
				263115E11568D84C00CB70DE /* main.m in Sources */,
				263115E51568D84C00CB70DE /* AppDelegate.m in Sources */,
				A2F5A0371574DC2B0071D9E3 /* DTTestGridViewCell.m in Sources */,
				A2F5A0381574DC2B0071D9E3 /* DTTestGridViewController.m in Sources */,
				A2F5A0391574DC2B0071D9E3 /* GridViewController.m in Sources */,
				A2F5A03A1574DC2B0071D9E3 /* ImageGridViewCell.m in Sources */,
				A2F5A03B1574DC2B0071D9E3 /* RootTabBarController.m in Sources */,
				A2F5A03C1574DC2B0071D9E3 /* StoryViewController.m in Sources */,
				A2F5A03F1574DC6B0071D9E3 /* ImagePropertiesLib.m in Sources */,
				A2F5A0571574DC790071D9E3 /* AQGridView.m in Sources */,
				A2F5A0581574DC790071D9E3 /* AQGridViewAnimatorItem.m in Sources */,
				A2F5A0591574DC790071D9E3 /* AQGridViewCell.m in Sources */,
				A2F5A05A1574DC790071D9E3 /* AQGridViewController.m in Sources */,
				A2F5A05B1574DC790071D9E3 /* AQGridViewData.m in Sources */,
				A2F5A05C1574DC790071D9E3 /* AQGridViewUpdateInfo.m in Sources */,
				A2F5A05D1574DC790071D9E3 /* AQGridViewUpdateItem.m in Sources */,
				A2F5A05E1574DC790071D9E3 /* NSIndexSet+AQIndexesOutsideSet.m in Sources */,
				A2F5A05F1574DC790071D9E3 /* NSIndexSet+AQIsSetContiguous.m in Sources */,
				A2F5A0601574DC790071D9E3 /* UIColor+AQGridView.m in Sources */,
				A2F5A0681574DC850071D9E3 /* DTGridView.m in Sources */,
				A2F5A0691574DC850071D9E3 /* DTGridViewCell.m in Sources */,
				A2F5A06A1574DC850071D9E3 /* DTGridViewController.m in Sources */,
				A2F5A0711574DC9D0071D9E3 /* DTLabelsSnapGridViewCell.m in Sources */,
				A2F5A0721574DC9D0071D9E3 /* DTSnapGridView.m in Sources */,
				A2F5A0731574DC9D0071D9E3 /* DTSnapGridViewCell.m in Sources */,
				A2F5A0761574DCAB0071D9E3 /* DTInfiniteGridView.m in Sources */,
			);
			runOnlyForDeploymentPostprocessing = 0;
		};
/* End PBXSourcesBuildPhase section */

/* Begin PBXVariantGroup section */
		263115DD1568D84C00CB70DE /* InfoPlist.strings */ = {
			isa = PBXVariantGroup;
			children = (
				263115DE1568D84C00CB70DE /* en */,
			);
			name = InfoPlist.strings;
			sourceTree = "<group>";
		};
/* End PBXVariantGroup section */

/* Begin XCBuildConfiguration section */
		263115EC1568D84C00CB70DE /* Debug */ = {
			isa = XCBuildConfiguration;
			buildSettings = {
				ALWAYS_SEARCH_USER_PATHS = NO;
				ARCHS = "$(ARCHS_STANDARD_32_BIT)";
				"CODE_SIGN_IDENTITY[sdk=iphoneos*]" = "iPhone Developer";
				COPY_PHASE_STRIP = NO;
				GCC_C_LANGUAGE_STANDARD = gnu99;
				GCC_DYNAMIC_NO_PIC = NO;
				GCC_OPTIMIZATION_LEVEL = 0;
				GCC_PREPROCESSOR_DEFINITIONS = (
					"DEBUG=1",
					"$(inherited)",
				);
				GCC_SYMBOLS_PRIVATE_EXTERN = NO;
				GCC_VERSION = com.apple.compilers.llvm.clang.1_0;
				GCC_WARN_ABOUT_RETURN_TYPE = YES;
				GCC_WARN_UNINITIALIZED_AUTOS = YES;
				GCC_WARN_UNUSED_VARIABLE = YES;
				IPHONEOS_DEPLOYMENT_TARGET = 5.1;
				SDKROOT = iphoneos;
			};
			name = Debug;
		};
		263115ED1568D84C00CB70DE /* Release */ = {
			isa = XCBuildConfiguration;
			buildSettings = {
				ALWAYS_SEARCH_USER_PATHS = NO;
				ARCHS = "$(ARCHS_STANDARD_32_BIT)";
				"CODE_SIGN_IDENTITY[sdk=iphoneos*]" = "iPhone Developer";
				COPY_PHASE_STRIP = YES;
				GCC_C_LANGUAGE_STANDARD = gnu99;
				GCC_VERSION = com.apple.compilers.llvm.clang.1_0;
				GCC_WARN_ABOUT_RETURN_TYPE = YES;
				GCC_WARN_UNINITIALIZED_AUTOS = YES;
				GCC_WARN_UNUSED_VARIABLE = YES;
				IPHONEOS_DEPLOYMENT_TARGET = 5.1;
				OTHER_CFLAGS = "-DNS_BLOCK_ASSERTIONS=1";
				SDKROOT = iphoneos;
				VALIDATE_PRODUCT = YES;
			};
			name = Release;
		};
		263115EF1568D84C00CB70DE /* Debug */ = {
			isa = XCBuildConfiguration;
			buildSettings = {
				GCC_PRECOMPILE_PREFIX_HEADER = YES;
				GCC_PREFIX_HEADER = "clover/clover-Prefix.pch";
				INFOPLIST_FILE = "clover/clover-Info.plist";
				PRODUCT_NAME = "$(TARGET_NAME)";
				WRAPPER_EXTENSION = app;
			};
			name = Debug;
		};
		263115F01568D84C00CB70DE /* Release */ = {
			isa = XCBuildConfiguration;
			buildSettings = {
				GCC_PRECOMPILE_PREFIX_HEADER = YES;
				GCC_PREFIX_HEADER = "clover/clover-Prefix.pch";
				INFOPLIST_FILE = "clover/clover-Info.plist";
				PRODUCT_NAME = "$(TARGET_NAME)";
				WRAPPER_EXTENSION = app;
			};
			name = Release;
		};
/* End XCBuildConfiguration section */

/* Begin XCConfigurationList section */
		263115CA1568D84C00CB70DE /* Build configuration list for PBXProject "clover" */ = {
			isa = XCConfigurationList;
			buildConfigurations = (
				263115EC1568D84C00CB70DE /* Debug */,
				263115ED1568D84C00CB70DE /* Release */,
			);
			defaultConfigurationIsVisible = 0;
			defaultConfigurationName = Release;
		};
		263115EE1568D84C00CB70DE /* Build configuration list for PBXNativeTarget "clover" */ = {
			isa = XCConfigurationList;
			buildConfigurations = (
				263115EF1568D84C00CB70DE /* Debug */,
				263115F01568D84C00CB70DE /* Release */,
			);
			defaultConfigurationIsVisible = 0;
			defaultConfigurationName = Release;
		};
/* End XCConfigurationList section */
	};
	rootObject = 263115C71568D84C00CB70DE /* Project object */;
}
