// !$*UTF8*$!
{
	archiveVersion = 1;
	classes = {
	};
	objectVersion = 46;
	objects = {

/* Begin PBXBuildFile section */
		0A298E99156F521B00F0D267 /* ImagePropertiesLib.m in Sources */ = {isa = PBXBuildFile; fileRef = 0A298E98156F521B00F0D267 /* ImagePropertiesLib.m */; };
		0A298E9B156F52C600F0D267 /* ImageIO.framework in Frameworks */ = {isa = PBXBuildFile; fileRef = 0A298E9A156F52C600F0D267 /* ImageIO.framework */; };
		0A5FE4E5156E42D3003AE26A /* RootTabBarController.m in Sources */ = {isa = PBXBuildFile; fileRef = 0A5FE4E4156E42D3003AE26A /* RootTabBarController.m */; };
		0A5FE4E8156E42E9003AE26A /* GridViewController.m in Sources */ = {isa = PBXBuildFile; fileRef = 0A5FE4E7156E42E9003AE26A /* GridViewController.m */; };
		0A5FE4EB156E4300003AE26A /* StoryViewController.m in Sources */ = {isa = PBXBuildFile; fileRef = 0A5FE4EA156E4300003AE26A /* StoryViewController.m */; };
		263115D51568D84C00CB70DE /* UIKit.framework in Frameworks */ = {isa = PBXBuildFile; fileRef = 263115D41568D84C00CB70DE /* UIKit.framework */; };
		263115D71568D84C00CB70DE /* Foundation.framework in Frameworks */ = {isa = PBXBuildFile; fileRef = 263115D61568D84C00CB70DE /* Foundation.framework */; };
		263115D91568D84C00CB70DE /* CoreGraphics.framework in Frameworks */ = {isa = PBXBuildFile; fileRef = 263115D81568D84C00CB70DE /* CoreGraphics.framework */; };
		263115DF1568D84C00CB70DE /* InfoPlist.strings in Resources */ = {isa = PBXBuildFile; fileRef = 263115DD1568D84C00CB70DE /* InfoPlist.strings */; };
		263115E11568D84C00CB70DE /* main.m in Sources */ = {isa = PBXBuildFile; fileRef = 263115E01568D84C00CB70DE /* main.m */; };
		263115E51568D84C00CB70DE /* AppDelegate.m in Sources */ = {isa = PBXBuildFile; fileRef = 263115E41568D84C00CB70DE /* AppDelegate.m */; };
		263115F21568D8C600CB70DE /* AssetsLibrary.framework in Frameworks */ = {isa = PBXBuildFile; fileRef = 263115F11568D8C600CB70DE /* AssetsLibrary.framework */; };
		26559F30156E764E00B451A9 /* QuartzCore.framework in Frameworks */ = {isa = PBXBuildFile; fileRef = 26559F2F156E764E00B451A9 /* QuartzCore.framework */; };
		26559F3B156E785900B451A9 /* GridViewCell.m in Sources */ = {isa = PBXBuildFile; fileRef = 26559F3A156E785900B451A9 /* GridViewCell.m */; };
		26559F53156E805200B451A9 /* AQGridView.m in Sources */ = {isa = PBXBuildFile; fileRef = 26559F3D156E805200B451A9 /* AQGridView.m */; };
		26559F54156E805200B451A9 /* AQGridViewAnimatorItem.m in Sources */ = {isa = PBXBuildFile; fileRef = 26559F41156E805200B451A9 /* AQGridViewAnimatorItem.m */; };
		26559F55156E805200B451A9 /* AQGridViewCell.m in Sources */ = {isa = PBXBuildFile; fileRef = 26559F43156E805200B451A9 /* AQGridViewCell.m */; };
		26559F56156E805200B451A9 /* AQGridViewController.m in Sources */ = {isa = PBXBuildFile; fileRef = 26559F46156E805200B451A9 /* AQGridViewController.m */; };
		26559F57156E805200B451A9 /* AQGridViewData.m in Sources */ = {isa = PBXBuildFile; fileRef = 26559F48156E805200B451A9 /* AQGridViewData.m */; };
		26559F58156E805200B451A9 /* AQGridViewUpdateInfo.m in Sources */ = {isa = PBXBuildFile; fileRef = 26559F4A156E805200B451A9 /* AQGridViewUpdateInfo.m */; };
		26559F59156E805200B451A9 /* AQGridViewUpdateItem.m in Sources */ = {isa = PBXBuildFile; fileRef = 26559F4C156E805200B451A9 /* AQGridViewUpdateItem.m */; };
		26559F5A156E805200B451A9 /* NSIndexSet+AQIndexesOutsideSet.m in Sources */ = {isa = PBXBuildFile; fileRef = 26559F4E156E805200B451A9 /* NSIndexSet+AQIndexesOutsideSet.m */; };
		26559F5B156E805200B451A9 /* NSIndexSet+AQIsSetContiguous.m in Sources */ = {isa = PBXBuildFile; fileRef = 26559F50156E805200B451A9 /* NSIndexSet+AQIsSetContiguous.m */; };
		26559F5C156E805200B451A9 /* UIColor+AQGridView.m in Sources */ = {isa = PBXBuildFile; fileRef = 26559F52156E805200B451A9 /* UIColor+AQGridView.m */; };
/* End PBXBuildFile section */

/* Begin PBXFileReference section */
		0A298E97156F521B00F0D267 /* ImagePropertiesLib.h */ = {isa = PBXFileReference; fileEncoding = 4; lastKnownFileType = sourcecode.c.h; path = ImagePropertiesLib.h; sourceTree = "<group>"; };
		0A298E98156F521B00F0D267 /* ImagePropertiesLib.m */ = {isa = PBXFileReference; fileEncoding = 4; lastKnownFileType = sourcecode.c.objc; path = ImagePropertiesLib.m; sourceTree = "<group>"; };
		0A298E9A156F52C600F0D267 /* ImageIO.framework */ = {isa = PBXFileReference; lastKnownFileType = wrapper.framework; name = ImageIO.framework; path = System/Library/Frameworks/ImageIO.framework; sourceTree = SDKROOT; };
		0A5FE4E3156E42D3003AE26A /* RootTabBarController.h */ = {isa = PBXFileReference; fileEncoding = 4; lastKnownFileType = sourcecode.c.h; name = RootTabBarController.h; path = classes/RootTabBarController.h; sourceTree = "<group>"; };
		0A5FE4E4156E42D3003AE26A /* RootTabBarController.m */ = {isa = PBXFileReference; fileEncoding = 4; lastKnownFileType = sourcecode.c.objc; name = RootTabBarController.m; path = classes/RootTabBarController.m; sourceTree = "<group>"; };
		0A5FE4E6156E42E9003AE26A /* GridViewController.h */ = {isa = PBXFileReference; fileEncoding = 4; lastKnownFileType = sourcecode.c.h; name = GridViewController.h; path = classes/GridViewController.h; sourceTree = "<group>"; };
		0A5FE4E7156E42E9003AE26A /* GridViewController.m */ = {isa = PBXFileReference; fileEncoding = 4; lastKnownFileType = sourcecode.c.objc; name = GridViewController.m; path = classes/GridViewController.m; sourceTree = "<group>"; };
		0A5FE4E9156E4300003AE26A /* StoryViewController.h */ = {isa = PBXFileReference; fileEncoding = 4; lastKnownFileType = sourcecode.c.h; name = StoryViewController.h; path = classes/StoryViewController.h; sourceTree = "<group>"; };
		0A5FE4EA156E4300003AE26A /* StoryViewController.m */ = {isa = PBXFileReference; fileEncoding = 4; lastKnownFileType = sourcecode.c.objc; name = StoryViewController.m; path = classes/StoryViewController.m; sourceTree = "<group>"; };
		263115D01568D84C00CB70DE /* clover.app */ = {isa = PBXFileReference; explicitFileType = wrapper.application; includeInIndex = 0; path = clover.app; sourceTree = BUILT_PRODUCTS_DIR; };
		263115D41568D84C00CB70DE /* UIKit.framework */ = {isa = PBXFileReference; lastKnownFileType = wrapper.framework; name = UIKit.framework; path = System/Library/Frameworks/UIKit.framework; sourceTree = SDKROOT; };
		263115D61568D84C00CB70DE /* Foundation.framework */ = {isa = PBXFileReference; lastKnownFileType = wrapper.framework; name = Foundation.framework; path = System/Library/Frameworks/Foundation.framework; sourceTree = SDKROOT; };
		263115D81568D84C00CB70DE /* CoreGraphics.framework */ = {isa = PBXFileReference; lastKnownFileType = wrapper.framework; name = CoreGraphics.framework; path = System/Library/Frameworks/CoreGraphics.framework; sourceTree = SDKROOT; };
		263115DC1568D84C00CB70DE /* clover-Info.plist */ = {isa = PBXFileReference; lastKnownFileType = text.plist.xml; path = "clover-Info.plist"; sourceTree = "<group>"; };
		263115DE1568D84C00CB70DE /* en */ = {isa = PBXFileReference; lastKnownFileType = text.plist.strings; name = en; path = en.lproj/InfoPlist.strings; sourceTree = "<group>"; };
		263115E01568D84C00CB70DE /* main.m */ = {isa = PBXFileReference; lastKnownFileType = sourcecode.c.objc; path = main.m; sourceTree = "<group>"; };
		263115E21568D84C00CB70DE /* clover-Prefix.pch */ = {isa = PBXFileReference; lastKnownFileType = sourcecode.c.h; path = "clover-Prefix.pch"; sourceTree = "<group>"; };
		263115E31568D84C00CB70DE /* AppDelegate.h */ = {isa = PBXFileReference; lastKnownFileType = sourcecode.c.h; path = AppDelegate.h; sourceTree = "<group>"; };
		263115E41568D84C00CB70DE /* AppDelegate.m */ = {isa = PBXFileReference; lastKnownFileType = sourcecode.c.objc; path = AppDelegate.m; sourceTree = "<group>"; };
		263115F11568D8C600CB70DE /* AssetsLibrary.framework */ = {isa = PBXFileReference; lastKnownFileType = wrapper.framework; name = AssetsLibrary.framework; path = System/Library/Frameworks/AssetsLibrary.framework; sourceTree = SDKROOT; };
		26559F2F156E764E00B451A9 /* QuartzCore.framework */ = {isa = PBXFileReference; lastKnownFileType = wrapper.framework; name = QuartzCore.framework; path = System/Library/Frameworks/QuartzCore.framework; sourceTree = SDKROOT; };
		26559F39156E785900B451A9 /* GridViewCell.h */ = {isa = PBXFileReference; fileEncoding = 4; lastKnownFileType = sourcecode.c.h; name = GridViewCell.h; path = ../../../../../Users/dongkang/Downloads/BizAppTutorial/GridViewCell.h; sourceTree = "<group>"; };
		26559F3A156E785900B451A9 /* GridViewCell.m */ = {isa = PBXFileReference; fileEncoding = 4; lastKnownFileType = sourcecode.c.objc; name = GridViewCell.m; path = ../../../../../Users/dongkang/Downloads/BizAppTutorial/GridViewCell.m; sourceTree = "<group>"; };
		26559F3C156E805200B451A9 /* AQGridView.h */ = {isa = PBXFileReference; fileEncoding = 4; lastKnownFileType = sourcecode.c.h; name = AQGridView.h; path = AQGridView/AQGridView.h; sourceTree = "<group>"; };
		26559F3D156E805200B451A9 /* AQGridView.m */ = {isa = PBXFileReference; fileEncoding = 4; lastKnownFileType = sourcecode.c.objc; name = AQGridView.m; path = AQGridView/AQGridView.m; sourceTree = "<group>"; };
		26559F3E156E805200B451A9 /* AQGridView+CellLayout.h */ = {isa = PBXFileReference; fileEncoding = 4; lastKnownFileType = sourcecode.c.h; name = "AQGridView+CellLayout.h"; path = "AQGridView/AQGridView+CellLayout.h"; sourceTree = "<group>"; };
		26559F3F156E805200B451A9 /* AQGridView+CellLocationDelegation.h */ = {isa = PBXFileReference; fileEncoding = 4; lastKnownFileType = sourcecode.c.h; name = "AQGridView+CellLocationDelegation.h"; path = "AQGridView/AQGridView+CellLocationDelegation.h"; sourceTree = "<group>"; };
		26559F40156E805200B451A9 /* AQGridViewAnimatorItem.h */ = {isa = PBXFileReference; fileEncoding = 4; lastKnownFileType = sourcecode.c.h; name = AQGridViewAnimatorItem.h; path = AQGridView/AQGridViewAnimatorItem.h; sourceTree = "<group>"; };
		26559F41156E805200B451A9 /* AQGridViewAnimatorItem.m */ = {isa = PBXFileReference; fileEncoding = 4; lastKnownFileType = sourcecode.c.objc; name = AQGridViewAnimatorItem.m; path = AQGridView/AQGridViewAnimatorItem.m; sourceTree = "<group>"; };
		26559F42156E805200B451A9 /* AQGridViewCell.h */ = {isa = PBXFileReference; fileEncoding = 4; lastKnownFileType = sourcecode.c.h; name = AQGridViewCell.h; path = AQGridView/AQGridViewCell.h; sourceTree = "<group>"; };
		26559F43156E805200B451A9 /* AQGridViewCell.m */ = {isa = PBXFileReference; fileEncoding = 4; lastKnownFileType = sourcecode.c.objc; name = AQGridViewCell.m; path = AQGridView/AQGridViewCell.m; sourceTree = "<group>"; };
		26559F44156E805200B451A9 /* AQGridViewCell+AQGridViewCellPrivate.h */ = {isa = PBXFileReference; fileEncoding = 4; lastKnownFileType = sourcecode.c.h; name = "AQGridViewCell+AQGridViewCellPrivate.h"; path = "AQGridView/AQGridViewCell+AQGridViewCellPrivate.h"; sourceTree = "<group>"; };
		26559F45156E805200B451A9 /* AQGridViewController.h */ = {isa = PBXFileReference; fileEncoding = 4; lastKnownFileType = sourcecode.c.h; name = AQGridViewController.h; path = AQGridView/AQGridViewController.h; sourceTree = "<group>"; };
		26559F46156E805200B451A9 /* AQGridViewController.m */ = {isa = PBXFileReference; fileEncoding = 4; lastKnownFileType = sourcecode.c.objc; name = AQGridViewController.m; path = AQGridView/AQGridViewController.m; sourceTree = "<group>"; };
		26559F47156E805200B451A9 /* AQGridViewData.h */ = {isa = PBXFileReference; fileEncoding = 4; lastKnownFileType = sourcecode.c.h; name = AQGridViewData.h; path = AQGridView/AQGridViewData.h; sourceTree = "<group>"; };
		26559F48156E805200B451A9 /* AQGridViewData.m */ = {isa = PBXFileReference; fileEncoding = 4; lastKnownFileType = sourcecode.c.objc; name = AQGridViewData.m; path = AQGridView/AQGridViewData.m; sourceTree = "<group>"; };
		26559F49156E805200B451A9 /* AQGridViewUpdateInfo.h */ = {isa = PBXFileReference; fileEncoding = 4; lastKnownFileType = sourcecode.c.h; name = AQGridViewUpdateInfo.h; path = AQGridView/AQGridViewUpdateInfo.h; sourceTree = "<group>"; };
		26559F4A156E805200B451A9 /* AQGridViewUpdateInfo.m */ = {isa = PBXFileReference; fileEncoding = 4; lastKnownFileType = sourcecode.c.objc; name = AQGridViewUpdateInfo.m; path = AQGridView/AQGridViewUpdateInfo.m; sourceTree = "<group>"; };
		26559F4B156E805200B451A9 /* AQGridViewUpdateItem.h */ = {isa = PBXFileReference; fileEncoding = 4; lastKnownFileType = sourcecode.c.h; name = AQGridViewUpdateItem.h; path = AQGridView/AQGridViewUpdateItem.h; sourceTree = "<group>"; };
		26559F4C156E805200B451A9 /* AQGridViewUpdateItem.m */ = {isa = PBXFileReference; fileEncoding = 4; lastKnownFileType = sourcecode.c.objc; name = AQGridViewUpdateItem.m; path = AQGridView/AQGridViewUpdateItem.m; sourceTree = "<group>"; };
		26559F4D156E805200B451A9 /* NSIndexSet+AQIndexesOutsideSet.h */ = {isa = PBXFileReference; fileEncoding = 4; lastKnownFileType = sourcecode.c.h; name = "NSIndexSet+AQIndexesOutsideSet.h"; path = "AQGridView/NSIndexSet+AQIndexesOutsideSet.h"; sourceTree = "<group>"; };
		26559F4E156E805200B451A9 /* NSIndexSet+AQIndexesOutsideSet.m */ = {isa = PBXFileReference; fileEncoding = 4; lastKnownFileType = sourcecode.c.objc; name = "NSIndexSet+AQIndexesOutsideSet.m"; path = "AQGridView/NSIndexSet+AQIndexesOutsideSet.m"; sourceTree = "<group>"; };
		26559F4F156E805200B451A9 /* NSIndexSet+AQIsSetContiguous.h */ = {isa = PBXFileReference; fileEncoding = 4; lastKnownFileType = sourcecode.c.h; name = "NSIndexSet+AQIsSetContiguous.h"; path = "AQGridView/NSIndexSet+AQIsSetContiguous.h"; sourceTree = "<group>"; };
		26559F50156E805200B451A9 /* NSIndexSet+AQIsSetContiguous.m */ = {isa = PBXFileReference; fileEncoding = 4; lastKnownFileType = sourcecode.c.objc; name = "NSIndexSet+AQIsSetContiguous.m"; path = "AQGridView/NSIndexSet+AQIsSetContiguous.m"; sourceTree = "<group>"; };
		26559F51156E805200B451A9 /* UIColor+AQGridView.h */ = {isa = PBXFileReference; fileEncoding = 4; lastKnownFileType = sourcecode.c.h; name = "UIColor+AQGridView.h"; path = "AQGridView/UIColor+AQGridView.h"; sourceTree = "<group>"; };
		26559F52156E805200B451A9 /* UIColor+AQGridView.m */ = {isa = PBXFileReference; fileEncoding = 4; lastKnownFileType = sourcecode.c.objc; name = "UIColor+AQGridView.m"; path = "AQGridView/UIColor+AQGridView.m"; sourceTree = "<group>"; };
/* End PBXFileReference section */

/* Begin PBXFrameworksBuildPhase section */
		263115CD1568D84C00CB70DE /* Frameworks */ = {
			isa = PBXFrameworksBuildPhase;
			buildActionMask = 2147483647;
			files = (
				0A298E9B156F52C600F0D267 /* ImageIO.framework in Frameworks */,
				26559F30156E764E00B451A9 /* QuartzCore.framework in Frameworks */,
				263115F21568D8C600CB70DE /* AssetsLibrary.framework in Frameworks */,
				263115D51568D84C00CB70DE /* UIKit.framework in Frameworks */,
				263115D71568D84C00CB70DE /* Foundation.framework in Frameworks */,
				263115D91568D84C00CB70DE /* CoreGraphics.framework in Frameworks */,
			);
			runOnlyForDeploymentPostprocessing = 0;
		};
/* End PBXFrameworksBuildPhase section */

/* Begin PBXGroup section */
		0A298E96156F51F900F0D267 /* ImagePropertiesLib */ = {
			isa = PBXGroup;
			children = (
				0A298E97156F521B00F0D267 /* ImagePropertiesLib.h */,
				0A298E98156F521B00F0D267 /* ImagePropertiesLib.m */,
			);
			name = ImagePropertiesLib;
			sourceTree = "<group>";
		};
		0A5FE4E1156E424D003AE26A /* ui */ = {
			isa = PBXGroup;
			children = (
				26559F39156E785900B451A9 /* GridViewCell.h */,
				26559F3A156E785900B451A9 /* GridViewCell.m */,
				0A5FE4E3156E42D3003AE26A /* RootTabBarController.h */,
				0A5FE4E4156E42D3003AE26A /* RootTabBarController.m */,
				0A5FE4E6156E42E9003AE26A /* GridViewController.h */,
				0A5FE4E7156E42E9003AE26A /* GridViewController.m */,
				0A5FE4E9156E4300003AE26A /* StoryViewController.h */,
				0A5FE4EA156E4300003AE26A /* StoryViewController.m */,
			);
			name = ui;
			sourceTree = "<group>";
		};
		263115C51568D84C00CB70DE = {
			isa = PBXGroup;
			children = (
				0A298E96156F51F900F0D267 /* ImagePropertiesLib */,
				26559F0C156E760700B451A9 /* AQGridView */,
				263115DA1568D84C00CB70DE /* clover */,
				263115D31568D84C00CB70DE /* Frameworks */,
				263115D11568D84C00CB70DE /* Products */,
			);
			sourceTree = "<group>";
		};
		263115D11568D84C00CB70DE /* Products */ = {
			isa = PBXGroup;
			children = (
				263115D01568D84C00CB70DE /* clover.app */,
			);
			name = Products;
			sourceTree = "<group>";
		};
		263115D31568D84C00CB70DE /* Frameworks */ = {
			isa = PBXGroup;
			children = (
				0A298E9A156F52C600F0D267 /* ImageIO.framework */,
				26559F2F156E764E00B451A9 /* QuartzCore.framework */,
				263115F11568D8C600CB70DE /* AssetsLibrary.framework */,
				263115D41568D84C00CB70DE /* UIKit.framework */,
				263115D61568D84C00CB70DE /* Foundation.framework */,
				263115D81568D84C00CB70DE /* CoreGraphics.framework */,
			);
			name = Frameworks;
			sourceTree = "<group>";
		};
		263115DA1568D84C00CB70DE /* clover */ = {
			isa = PBXGroup;
			children = (
				0A5FE4E1156E424D003AE26A /* ui */,
				263115E31568D84C00CB70DE /* AppDelegate.h */,
				263115E41568D84C00CB70DE /* AppDelegate.m */,
				263115DB1568D84C00CB70DE /* Supporting Files */,
			);
			path = clover;
			sourceTree = "<group>";
		};
		263115DB1568D84C00CB70DE /* Supporting Files */ = {
			isa = PBXGroup;
			children = (
				263115DC1568D84C00CB70DE /* clover-Info.plist */,
				263115DD1568D84C00CB70DE /* InfoPlist.strings */,
				263115E01568D84C00CB70DE /* main.m */,
				263115E21568D84C00CB70DE /* clover-Prefix.pch */,
			);
			name = "Supporting Files";
			sourceTree = "<group>";
		};
		26559F0C156E760700B451A9 /* AQGridView */ = {
			isa = PBXGroup;
			children = (
				26559F3C156E805200B451A9 /* AQGridView.h */,
				26559F3D156E805200B451A9 /* AQGridView.m */,
				26559F3E156E805200B451A9 /* AQGridView+CellLayout.h */,
				26559F3F156E805200B451A9 /* AQGridView+CellLocationDelegation.h */,
				26559F40156E805200B451A9 /* AQGridViewAnimatorItem.h */,
				26559F41156E805200B451A9 /* AQGridViewAnimatorItem.m */,
				26559F42156E805200B451A9 /* AQGridViewCell.h */,
				26559F43156E805200B451A9 /* AQGridViewCell.m */,
				26559F44156E805200B451A9 /* AQGridViewCell+AQGridViewCellPrivate.h */,
				26559F45156E805200B451A9 /* AQGridViewController.h */,
				26559F46156E805200B451A9 /* AQGridViewController.m */,
				26559F47156E805200B451A9 /* AQGridViewData.h */,
				26559F48156E805200B451A9 /* AQGridViewData.m */,
				26559F49156E805200B451A9 /* AQGridViewUpdateInfo.h */,
				26559F4A156E805200B451A9 /* AQGridViewUpdateInfo.m */,
				26559F4B156E805200B451A9 /* AQGridViewUpdateItem.h */,
				26559F4C156E805200B451A9 /* AQGridViewUpdateItem.m */,
				26559F4D156E805200B451A9 /* NSIndexSet+AQIndexesOutsideSet.h */,
				26559F4E156E805200B451A9 /* NSIndexSet+AQIndexesOutsideSet.m */,
				26559F4F156E805200B451A9 /* NSIndexSet+AQIsSetContiguous.h */,
				26559F50156E805200B451A9 /* NSIndexSet+AQIsSetContiguous.m */,
				26559F51156E805200B451A9 /* UIColor+AQGridView.h */,
				26559F52156E805200B451A9 /* UIColor+AQGridView.m */,
			);
			name = AQGridView;
			sourceTree = "<group>";
		};
/* End PBXGroup section */

/* Begin PBXNativeTarget section */
		263115CF1568D84C00CB70DE /* clover */ = {
			isa = PBXNativeTarget;
			buildConfigurationList = 263115EE1568D84C00CB70DE /* Build configuration list for PBXNativeTarget "clover" */;
			buildPhases = (
				263115CC1568D84C00CB70DE /* Sources */,
				263115CD1568D84C00CB70DE /* Frameworks */,
				263115CE1568D84C00CB70DE /* Resources */,
			);
			buildRules = (
			);
			dependencies = (
			);
			name = clover;
			productName = clover;
			productReference = 263115D01568D84C00CB70DE /* clover.app */;
			productType = "com.apple.product-type.application";
		};
/* End PBXNativeTarget section */

/* Begin PBXProject section */
		263115C71568D84C00CB70DE /* Project object */ = {
			isa = PBXProject;
			attributes = {
				LastUpgradeCheck = 0430;
			};
			buildConfigurationList = 263115CA1568D84C00CB70DE /* Build configuration list for PBXProject "clover" */;
			compatibilityVersion = "Xcode 3.2";
			developmentRegion = English;
			hasScannedForEncodings = 0;
			knownRegions = (
				en,
			);
			mainGroup = 263115C51568D84C00CB70DE;
			productRefGroup = 263115D11568D84C00CB70DE /* Products */;
			projectDirPath = "";
			projectRoot = "";
			targets = (
				263115CF1568D84C00CB70DE /* clover */,
			);
		};
/* End PBXProject section */

/* Begin PBXResourcesBuildPhase section */
		263115CE1568D84C00CB70DE /* Resources */ = {
			isa = PBXResourcesBuildPhase;
			buildActionMask = 2147483647;
			files = (
				263115DF1568D84C00CB70DE /* InfoPlist.strings in Resources */,
			);
			runOnlyForDeploymentPostprocessing = 0;
		};
/* End PBXResourcesBuildPhase section */

/* Begin PBXSourcesBuildPhase section */
		263115CC1568D84C00CB70DE /* Sources */ = {
			isa = PBXSourcesBuildPhase;
			buildActionMask = 2147483647;
			files = (
				263115E11568D84C00CB70DE /* main.m in Sources */,
				263115E51568D84C00CB70DE /* AppDelegate.m in Sources */,
				0A5FE4E5156E42D3003AE26A /* RootTabBarController.m in Sources */,
				0A5FE4E8156E42E9003AE26A /* GridViewController.m in Sources */,
				0A5FE4EB156E4300003AE26A /* StoryViewController.m in Sources */,
				26559F3B156E785900B451A9 /* GridViewCell.m in Sources */,
				26559F53156E805200B451A9 /* AQGridView.m in Sources */,
				26559F54156E805200B451A9 /* AQGridViewAnimatorItem.m in Sources */,
				26559F55156E805200B451A9 /* AQGridViewCell.m in Sources */,
				26559F56156E805200B451A9 /* AQGridViewController.m in Sources */,
				26559F57156E805200B451A9 /* AQGridViewData.m in Sources */,
				26559F58156E805200B451A9 /* AQGridViewUpdateInfo.m in Sources */,
				26559F59156E805200B451A9 /* AQGridViewUpdateItem.m in Sources */,
				26559F5A156E805200B451A9 /* NSIndexSet+AQIndexesOutsideSet.m in Sources */,
				26559F5B156E805200B451A9 /* NSIndexSet+AQIsSetContiguous.m in Sources */,
				26559F5C156E805200B451A9 /* UIColor+AQGridView.m in Sources */,
				0A298E99156F521B00F0D267 /* ImagePropertiesLib.m in Sources */,
			);
			runOnlyForDeploymentPostprocessing = 0;
		};
/* End PBXSourcesBuildPhase section */

/* Begin PBXVariantGroup section */
		263115DD1568D84C00CB70DE /* InfoPlist.strings */ = {
			isa = PBXVariantGroup;
			children = (
				263115DE1568D84C00CB70DE /* en */,
			);
			name = InfoPlist.strings;
			sourceTree = "<group>";
		};
/* End PBXVariantGroup section */

/* Begin XCBuildConfiguration section */
		263115EC1568D84C00CB70DE /* Debug */ = {
			isa = XCBuildConfiguration;
			buildSettings = {
				ALWAYS_SEARCH_USER_PATHS = NO;
				ARCHS = "$(ARCHS_STANDARD_32_BIT)";
				"CODE_SIGN_IDENTITY[sdk=iphoneos*]" = "iPhone Developer";
				COPY_PHASE_STRIP = NO;
				GCC_C_LANGUAGE_STANDARD = gnu99;
				GCC_DYNAMIC_NO_PIC = NO;
				GCC_OPTIMIZATION_LEVEL = 0;
				GCC_PREPROCESSOR_DEFINITIONS = (
					"DEBUG=1",
					"$(inherited)",
				);
				GCC_SYMBOLS_PRIVATE_EXTERN = NO;
				GCC_VERSION = com.apple.compilers.llvm.clang.1_0;
				GCC_WARN_ABOUT_RETURN_TYPE = YES;
				GCC_WARN_UNINITIALIZED_AUTOS = YES;
				GCC_WARN_UNUSED_VARIABLE = YES;
				IPHONEOS_DEPLOYMENT_TARGET = 5.1;
				SDKROOT = iphoneos;
			};
			name = Debug;
		};
		263115ED1568D84C00CB70DE /* Release */ = {
			isa = XCBuildConfiguration;
			buildSettings = {
				ALWAYS_SEARCH_USER_PATHS = NO;
				ARCHS = "$(ARCHS_STANDARD_32_BIT)";
				"CODE_SIGN_IDENTITY[sdk=iphoneos*]" = "iPhone Developer";
				COPY_PHASE_STRIP = YES;
				GCC_C_LANGUAGE_STANDARD = gnu99;
				GCC_VERSION = com.apple.compilers.llvm.clang.1_0;
				GCC_WARN_ABOUT_RETURN_TYPE = YES;
				GCC_WARN_UNINITIALIZED_AUTOS = YES;
				GCC_WARN_UNUSED_VARIABLE = YES;
				IPHONEOS_DEPLOYMENT_TARGET = 5.1;
				OTHER_CFLAGS = "-DNS_BLOCK_ASSERTIONS=1";
				SDKROOT = iphoneos;
				VALIDATE_PRODUCT = YES;
			};
			name = Release;
		};
		263115EF1568D84C00CB70DE /* Debug */ = {
			isa = XCBuildConfiguration;
			buildSettings = {
				GCC_PRECOMPILE_PREFIX_HEADER = YES;
				GCC_PREFIX_HEADER = "clover/clover-Prefix.pch";
				INFOPLIST_FILE = "clover/clover-Info.plist";
				PRODUCT_NAME = "$(TARGET_NAME)";
				WRAPPER_EXTENSION = app;
			};
			name = Debug;
		};
		263115F01568D84C00CB70DE /* Release */ = {
			isa = XCBuildConfiguration;
			buildSettings = {
				GCC_PRECOMPILE_PREFIX_HEADER = YES;
				GCC_PREFIX_HEADER = "clover/clover-Prefix.pch";
				INFOPLIST_FILE = "clover/clover-Info.plist";
				PRODUCT_NAME = "$(TARGET_NAME)";
				WRAPPER_EXTENSION = app;
			};
			name = Release;
		};
/* End XCBuildConfiguration section */

/* Begin XCConfigurationList section */
		263115CA1568D84C00CB70DE /* Build configuration list for PBXProject "clover" */ = {
			isa = XCConfigurationList;
			buildConfigurations = (
				263115EC1568D84C00CB70DE /* Debug */,
				263115ED1568D84C00CB70DE /* Release */,
			);
			defaultConfigurationIsVisible = 0;
			defaultConfigurationName = Release;
		};
		263115EE1568D84C00CB70DE /* Build configuration list for PBXNativeTarget "clover" */ = {
			isa = XCConfigurationList;
			buildConfigurations = (
				263115EF1568D84C00CB70DE /* Debug */,
				263115F01568D84C00CB70DE /* Release */,
			);
			defaultConfigurationIsVisible = 0;
			defaultConfigurationName = Release;
		};
/* End XCConfigurationList section */
	};
	rootObject = 263115C71568D84C00CB70DE /* Project object */;
}
